// !$*UTF8*$!
{
	archiveVersion = 1;
	classes = {
	};
	objectVersion = 50;
	objects = {

/* Begin PBXBuildFile section */
		A958A3302725C1D700C6F75A /* Utility.swift in Sources */ = {isa = PBXBuildFile; fileRef = A958A32F2725C1D700C6F75A /* Utility.swift */; };
		A9D7CDF427215CA2001B8A52 /* Data.swift in Sources */ = {isa = PBXBuildFile; fileRef = A9D7CDF327215CA2001B8A52 /* Data.swift */; };
		A9D7CDF627215DD8001B8A52 /* Operation.swift in Sources */ = {isa = PBXBuildFile; fileRef = A9D7CDF527215DD8001B8A52 /* Operation.swift */; };
		A9D7CDF82721846A001B8A52 /* sound.mp3 in Resources */ = {isa = PBXBuildFile; fileRef = A9D7CDF72721846A001B8A52 /* sound.mp3 */; };
		A9D7CDFA27218AE4001B8A52 /* sound2.mp3 in Resources */ = {isa = PBXBuildFile; fileRef = A9D7CDF927218AE3001B8A52 /* sound2.mp3 */; };
		BFBA6B632721403500EC99D6 /* AppDelegate.swift in Sources */ = {isa = PBXBuildFile; fileRef = BFBA6B622721403500EC99D6 /* AppDelegate.swift */; };
		BFBA6B652721403500EC99D6 /* SceneDelegate.swift in Sources */ = {isa = PBXBuildFile; fileRef = BFBA6B642721403500EC99D6 /* SceneDelegate.swift */; };
		BFBA6B672721403500EC99D6 /* ViewController.swift in Sources */ = {isa = PBXBuildFile; fileRef = BFBA6B662721403500EC99D6 /* ViewController.swift */; };
		BFBA6B6A2721403500EC99D6 /* Main.storyboard in Resources */ = {isa = PBXBuildFile; fileRef = BFBA6B682721403500EC99D6 /* Main.storyboard */; };
		BFBA6B6C2721403600EC99D6 /* Assets.xcassets in Resources */ = {isa = PBXBuildFile; fileRef = BFBA6B6B2721403600EC99D6 /* Assets.xcassets */; };
		BFBA6B6F2721403600EC99D6 /* LaunchScreen.storyboard in Resources */ = {isa = PBXBuildFile; fileRef = BFBA6B6D2721403600EC99D6 /* LaunchScreen.storyboard */; };
/* End PBXBuildFile section */

/* Begin PBXFileReference section */
		A958A32F2725C1D700C6F75A /* Utility.swift */ = {isa = PBXFileReference; lastKnownFileType = sourcecode.swift; path = Utility.swift; sourceTree = "<group>"; };
		A9D7CDF327215CA2001B8A52 /* Data.swift */ = {isa = PBXFileReference; lastKnownFileType = sourcecode.swift; path = Data.swift; sourceTree = "<group>"; };
		A9D7CDF527215DD8001B8A52 /* Operation.swift */ = {isa = PBXFileReference; lastKnownFileType = sourcecode.swift; path = Operation.swift; sourceTree = "<group>"; };
		A9D7CDF72721846A001B8A52 /* sound.mp3 */ = {isa = PBXFileReference; lastKnownFileType = audio.mp3; path = sound.mp3; sourceTree = "<group>"; };
		A9D7CDF927218AE3001B8A52 /* sound2.mp3 */ = {isa = PBXFileReference; lastKnownFileType = audio.mp3; path = sound2.mp3; sourceTree = "<group>"; };
		BFBA6B5F2721403500EC99D6 /* TriviaMultipleChoice-arwaBalawi App.app */ = {isa = PBXFileReference; explicitFileType = wrapper.application; includeInIndex = 0; path = "TriviaMultipleChoice-arwaBalawi App.app"; sourceTree = BUILT_PRODUCTS_DIR; };
		BFBA6B622721403500EC99D6 /* AppDelegate.swift */ = {isa = PBXFileReference; lastKnownFileType = sourcecode.swift; path = AppDelegate.swift; sourceTree = "<group>"; };
		BFBA6B642721403500EC99D6 /* SceneDelegate.swift */ = {isa = PBXFileReference; lastKnownFileType = sourcecode.swift; path = SceneDelegate.swift; sourceTree = "<group>"; };
		BFBA6B662721403500EC99D6 /* ViewController.swift */ = {isa = PBXFileReference; lastKnownFileType = sourcecode.swift; path = ViewController.swift; sourceTree = "<group>"; };
		BFBA6B692721403500EC99D6 /* Base */ = {isa = PBXFileReference; lastKnownFileType = file.storyboard; name = Base; path = Base.lproj/Main.storyboard; sourceTree = "<group>"; };
		BFBA6B6B2721403600EC99D6 /* Assets.xcassets */ = {isa = PBXFileReference; lastKnownFileType = folder.assetcatalog; path = Assets.xcassets; sourceTree = "<group>"; };
		BFBA6B6E2721403600EC99D6 /* Base */ = {isa = PBXFileReference; lastKnownFileType = file.storyboard; name = Base; path = Base.lproj/LaunchScreen.storyboard; sourceTree = "<group>"; };
		BFBA6B702721403600EC99D6 /* Info.plist */ = {isa = PBXFileReference; lastKnownFileType = text.plist.xml; path = Info.plist; sourceTree = "<group>"; };
/* End PBXFileReference section */

/* Begin PBXFrameworksBuildPhase section */
		BFBA6B5C2721403500EC99D6 /* Frameworks */ = {
			isa = PBXFrameworksBuildPhase;
			buildActionMask = 2147483647;
			files = (
			);
			runOnlyForDeploymentPostprocessing = 0;
		};
/* End PBXFrameworksBuildPhase section */

/* Begin PBXGroup section */
		A958A32B2725BBE600C6F75A /* Controller */ = {
			isa = PBXGroup;
			children = (
				A9D7CDF527215DD8001B8A52 /* Operation.swift */,
			);
			path = Controller;
			sourceTree = "<group>";
		};
		A958A32D2725BC5300C6F75A /* Sound */ = {
			isa = PBXGroup;
			children = (
				A9D7CDF72721846A001B8A52 /* sound.mp3 */,
				A9D7CDF927218AE3001B8A52 /* sound2.mp3 */,
			);
			path = Sound;
			sourceTree = "<group>";
		};
		A958A32E2725C1BA00C6F75A /* Utility */ = {
			isa = PBXGroup;
			children = (
				A958A32F2725C1D700C6F75A /* Utility.swift */,
			);
			path = Utility;
			sourceTree = "<group>";
		};
		A9D7CDF227215C62001B8A52 /* Model */ = {
			isa = PBXGroup;
			children = (
				A9D7CDF327215CA2001B8A52 /* Data.swift */,
			);
			path = Model;
			sourceTree = "<group>";
		};
		BFBA6B562721403500EC99D6 = {
			isa = PBXGroup;
			children = (
				BFBA6B612721403500EC99D6 /* TriviaMultipleChoice-arwaBalawi App */,
				BFBA6B602721403500EC99D6 /* Products */,
			);
			sourceTree = "<group>";
		};
		BFBA6B602721403500EC99D6 /* Products */ = {
			isa = PBXGroup;
			children = (
				BFBA6B5F2721403500EC99D6 /* TriviaMultipleChoice-arwaBalawi App.app */,
			);
			name = Products;
			sourceTree = "<group>";
		};
		BFBA6B612721403500EC99D6 /* TriviaMultipleChoice-arwaBalawi App */ = {
			isa = PBXGroup;
			children = (
				A958A32E2725C1BA00C6F75A /* Utility */,
				A958A32D2725BC5300C6F75A /* Sound */,
				A958A32B2725BBE600C6F75A /* Controller */,
				A9D7CDF227215C62001B8A52 /* Model */,
				BFBA6B622721403500EC99D6 /* AppDelegate.swift */,
				BFBA6B642721403500EC99D6 /* SceneDelegate.swift */,
				BFBA6B662721403500EC99D6 /* ViewController.swift */,
				BFBA6B682721403500EC99D6 /* Main.storyboard */,
				BFBA6B6B2721403600EC99D6 /* Assets.xcassets */,
				BFBA6B6D2721403600EC99D6 /* LaunchScreen.storyboard */,
				BFBA6B702721403600EC99D6 /* Info.plist */,
			);
			path = "TriviaMultipleChoice-arwaBalawi App";
			sourceTree = "<group>";
		};
/* End PBXGroup section */

/* Begin PBXNativeTarget section */
		BFBA6B5E2721403500EC99D6 /* TriviaMultipleChoice-arwaBalawi App */ = {
			isa = PBXNativeTarget;
			buildConfigurationList = BFBA6B732721403600EC99D6 /* Build configuration list for PBXNativeTarget "TriviaMultipleChoice-arwaBalawi App" */;
			buildPhases = (
				BFBA6B5B2721403500EC99D6 /* Sources */,
				BFBA6B5C2721403500EC99D6 /* Frameworks */,
				BFBA6B5D2721403500EC99D6 /* Resources */,
			);
			buildRules = (
			);
			dependencies = (
			);
			name = "TriviaMultipleChoice-arwaBalawi App";
			productName = "TriviaMultipleChoice-arwaBalawi App";
			productReference = BFBA6B5F2721403500EC99D6 /* TriviaMultipleChoice-arwaBalawi App.app */;
			productType = "com.apple.product-type.application";
		};
/* End PBXNativeTarget section */

/* Begin PBXProject section */
		BFBA6B572721403500EC99D6 /* Project object */ = {
			isa = PBXProject;
			attributes = {
				LastSwiftUpdateCheck = 1250;
				LastUpgradeCheck = 1250;
				TargetAttributes = {
					BFBA6B5E2721403500EC99D6 = {
						CreatedOnToolsVersion = 12.5;
					};
				};
			};
			buildConfigurationList = BFBA6B5A2721403500EC99D6 /* Build configuration list for PBXProject "TriviaMultipleChoice-arwaBalawi App" */;
			compatibilityVersion = "Xcode 9.3";
			developmentRegion = en;
			hasScannedForEncodings = 0;
			knownRegions = (
				en,
				Base,
			);
			mainGroup = BFBA6B562721403500EC99D6;
			productRefGroup = BFBA6B602721403500EC99D6 /* Products */;
			projectDirPath = "";
			projectRoot = "";
			targets = (
				BFBA6B5E2721403500EC99D6 /* TriviaMultipleChoice-arwaBalawi App */,
			);
		};
/* End PBXProject section */

/* Begin PBXResourcesBuildPhase section */
		BFBA6B5D2721403500EC99D6 /* Resources */ = {
			isa = PBXResourcesBuildPhase;
			buildActionMask = 2147483647;
			files = (
				A9D7CDFA27218AE4001B8A52 /* sound2.mp3 in Resources */,
				A9D7CDF82721846A001B8A52 /* sound.mp3 in Resources */,
				BFBA6B6F2721403600EC99D6 /* LaunchScreen.storyboard in Resources */,
				BFBA6B6C2721403600EC99D6 /* Assets.xcassets in Resources */,
				BFBA6B6A2721403500EC99D6 /* Main.storyboard in Resources */,
			);
			runOnlyForDeploymentPostprocessing = 0;
		};
/* End PBXResourcesBuildPhase section */

/* Begin PBXSourcesBuildPhase section */
		BFBA6B5B2721403500EC99D6 /* Sources */ = {
			isa = PBXSourcesBuildPhase;
			buildActionMask = 2147483647;
			files = (
				BFBA6B672721403500EC99D6 /* ViewController.swift in Sources */,
				BFBA6B632721403500EC99D6 /* AppDelegate.swift in Sources */,
				A958A3302725C1D700C6F75A /* Utility.swift in Sources */,
				BFBA6B652721403500EC99D6 /* SceneDelegate.swift in Sources */,
				A9D7CDF627215DD8001B8A52 /* Operation.swift in Sources */,
				A9D7CDF427215CA2001B8A52 /* Data.swift in Sources */,
			);
			runOnlyForDeploymentPostprocessing = 0;
		};
/* End PBXSourcesBuildPhase section */

/* Begin PBXVariantGroup section */
		BFBA6B682721403500EC99D6 /* Main.storyboard */ = {
			isa = PBXVariantGroup;
			children = (
				BFBA6B692721403500EC99D6 /* Base */,
			);
			name = Main.storyboard;
			sourceTree = "<group>";
		};
		BFBA6B6D2721403600EC99D6 /* LaunchScreen.storyboard */ = {
			isa = PBXVariantGroup;
			children = (
				BFBA6B6E2721403600EC99D6 /* Base */,
			);
			name = LaunchScreen.storyboard;
			sourceTree = "<group>";
		};
/* End PBXVariantGroup section */

/* Begin XCBuildConfiguration section */
		BFBA6B712721403600EC99D6 /* Debug */ = {
			isa = XCBuildConfiguration;
			buildSettings = {
				ALWAYS_SEARCH_USER_PATHS = NO;
				CLANG_ANALYZER_NONNULL = YES;
				CLANG_ANALYZER_NUMBER_OBJECT_CONVERSION = YES_AGGRESSIVE;
				CLANG_CXX_LANGUAGE_STANDARD = "gnu++14";
				CLANG_CXX_LIBRARY = "libc++";
				CLANG_ENABLE_MODULES = YES;
				CLANG_ENABLE_OBJC_ARC = YES;
				CLANG_ENABLE_OBJC_WEAK = YES;
				CLANG_WARN_BLOCK_CAPTURE_AUTORELEASING = YES;
				CLANG_WARN_BOOL_CONVERSION = YES;
				CLANG_WARN_COMMA = YES;
				CLANG_WARN_CONSTANT_CONVERSION = YES;
				CLANG_WARN_DEPRECATED_OBJC_IMPLEMENTATIONS = YES;
				CLANG_WARN_DIRECT_OBJC_ISA_USAGE = YES_ERROR;
				CLANG_WARN_DOCUMENTATION_COMMENTS = YES;
				CLANG_WARN_EMPTY_BODY = YES;
				CLANG_WARN_ENUM_CONVERSION = YES;
				CLANG_WARN_INFINITE_RECURSION = YES;
				CLANG_WARN_INT_CONVERSION = YES;
				CLANG_WARN_NON_LITERAL_NULL_CONVERSION = YES;
				CLANG_WARN_OBJC_IMPLICIT_RETAIN_SELF = YES;
				CLANG_WARN_OBJC_LITERAL_CONVERSION = YES;
				CLANG_WARN_OBJC_ROOT_CLASS = YES_ERROR;
				CLANG_WARN_QUOTED_INCLUDE_IN_FRAMEWORK_HEADER = YES;
				CLANG_WARN_RANGE_LOOP_ANALYSIS = YES;
				CLANG_WARN_STRICT_PROTOTYPES = YES;
				CLANG_WARN_SUSPICIOUS_MOVE = YES;
				CLANG_WARN_UNGUARDED_AVAILABILITY = YES_AGGRESSIVE;
				CLANG_WARN_UNREACHABLE_CODE = YES;
				CLANG_WARN__DUPLICATE_METHOD_MATCH = YES;
				COPY_PHASE_STRIP = NO;
				DEBUG_INFORMATION_FORMAT = dwarf;
				ENABLE_STRICT_OBJC_MSGSEND = YES;
				ENABLE_TESTABILITY = YES;
				GCC_C_LANGUAGE_STANDARD = gnu11;
				GCC_DYNAMIC_NO_PIC = NO;
				GCC_NO_COMMON_BLOCKS = YES;
				GCC_OPTIMIZATION_LEVEL = 0;
				GCC_PREPROCESSOR_DEFINITIONS = (
					"DEBUG=1",
					"$(inherited)",
				);
				GCC_WARN_64_TO_32_BIT_CONVERSION = YES;
				GCC_WARN_ABOUT_RETURN_TYPE = YES_ERROR;
				GCC_WARN_UNDECLARED_SELECTOR = YES;
				GCC_WARN_UNINITIALIZED_AUTOS = YES_AGGRESSIVE;
				GCC_WARN_UNUSED_FUNCTION = YES;
				GCC_WARN_UNUSED_VARIABLE = YES;
				IPHONEOS_DEPLOYMENT_TARGET = 14.5;
				MTL_ENABLE_DEBUG_INFO = INCLUDE_SOURCE;
				MTL_FAST_MATH = YES;
				ONLY_ACTIVE_ARCH = YES;
				SDKROOT = iphoneos;
				SWIFT_ACTIVE_COMPILATION_CONDITIONS = DEBUG;
				SWIFT_OPTIMIZATION_LEVEL = "-Onone";
			};
			name = Debug;
		};
		BFBA6B722721403600EC99D6 /* Release */ = {
			isa = XCBuildConfiguration;
			buildSettings = {
				ALWAYS_SEARCH_USER_PATHS = NO;
				CLANG_ANALYZER_NONNULL = YES;
				CLANG_ANALYZER_NUMBER_OBJECT_CONVERSION = YES_AGGRESSIVE;
				CLANG_CXX_LANGUAGE_STANDARD = "gnu++14";
				CLANG_CXX_LIBRARY = "libc++";
				CLANG_ENABLE_MODULES = YES;
				CLANG_ENABLE_OBJC_ARC = YES;
				CLANG_ENABLE_OBJC_WEAK = YES;
				CLANG_WARN_BLOCK_CAPTURE_AUTORELEASING = YES;
				CLANG_WARN_BOOL_CONVERSION = YES;
				CLANG_WARN_COMMA = YES;
				CLANG_WARN_CONSTANT_CONVERSION = YES;
				CLANG_WARN_DEPRECATED_OBJC_IMPLEMENTATIONS = YES;
				CLANG_WARN_DIRECT_OBJC_ISA_USAGE = YES_ERROR;
				CLANG_WARN_DOCUMENTATION_COMMENTS = YES;
				CLANG_WARN_EMPTY_BODY = YES;
				CLANG_WARN_ENUM_CONVERSION = YES;
				CLANG_WARN_INFINITE_RECURSION = YES;
				CLANG_WARN_INT_CONVERSION = YES;
				CLANG_WARN_NON_LITERAL_NULL_CONVERSION = YES;
				CLANG_WARN_OBJC_IMPLICIT_RETAIN_SELF = YES;
				CLANG_WARN_OBJC_LITERAL_CONVERSION = YES;
				CLANG_WARN_OBJC_ROOT_CLASS = YES_ERROR;
				CLANG_WARN_QUOTED_INCLUDE_IN_FRAMEWORK_HEADER = YES;
				CLANG_WARN_RANGE_LOOP_ANALYSIS = YES;
				CLANG_WARN_STRICT_PROTOTYPES = YES;
				CLANG_WARN_SUSPICIOUS_MOVE = YES;
				CLANG_WARN_UNGUARDED_AVAILABILITY = YES_AGGRESSIVE;
				CLANG_WARN_UNREACHABLE_CODE = YES;
				CLANG_WARN__DUPLICATE_METHOD_MATCH = YES;
				COPY_PHASE_STRIP = NO;
				DEBUG_INFORMATION_FORMAT = "dwarf-with-dsym";
				ENABLE_NS_ASSERTIONS = NO;
				ENABLE_STRICT_OBJC_MSGSEND = YES;
				GCC_C_LANGUAGE_STANDARD = gnu11;
				GCC_NO_COMMON_BLOCKS = YES;
				GCC_WARN_64_TO_32_BIT_CONVERSION = YES;
				GCC_WARN_ABOUT_RETURN_TYPE = YES_ERROR;
				GCC_WARN_UNDECLARED_SELECTOR = YES;
				GCC_WARN_UNINITIALIZED_AUTOS = YES_AGGRESSIVE;
				GCC_WARN_UNUSED_FUNCTION = YES;
				GCC_WARN_UNUSED_VARIABLE = YES;
				IPHONEOS_DEPLOYMENT_TARGET = 14.5;
				MTL_ENABLE_DEBUG_INFO = NO;
				MTL_FAST_MATH = YES;
				SDKROOT = iphoneos;
				SWIFT_COMPILATION_MODE = wholemodule;
				SWIFT_OPTIMIZATION_LEVEL = "-O";
				VALIDATE_PRODUCT = YES;
			};
			name = Release;
		};
		BFBA6B742721403600EC99D6 /* Debug */ = {
			isa = XCBuildConfiguration;
			buildSettings = {
				ASSETCATALOG_COMPILER_APPICON_NAME = AppIcon;
				ASSETCATALOG_COMPILER_GLOBAL_ACCENT_COLOR_NAME = AccentColor;
				CODE_SIGN_STYLE = Automatic;
				DEVELOPMENT_TEAM = 8CVXW7BRYZ;
				INFOPLIST_FILE = "TriviaMultipleChoice-arwaBalawi App/Info.plist";
				LD_RUNPATH_SEARCH_PATHS = (
					"$(inherited)",
					"@executable_path/Frameworks",
				);
				PRODUCT_BUNDLE_IDENTIFIER = "Arwa.TriviaMultipleChoice-arwaBalawi-App";
				PRODUCT_NAME = "$(TARGET_NAME)";
				SWIFT_VERSION = 5.0;
				TARGETED_DEVICE_FAMILY = "1,2";
			};
			name = Debug;
		};
		BFBA6B752721403600EC99D6 /* Release */ = {
			isa = XCBuildConfiguration;
			buildSettings = {
				ASSETCATALOG_COMPILER_APPICON_NAME = AppIcon;
				ASSETCATALOG_COMPILER_GLOBAL_ACCENT_COLOR_NAME = AccentColor;
				CODE_SIGN_STYLE = Automatic;
				DEVELOPMENT_TEAM = 8CVXW7BRYZ;
				INFOPLIST_FILE = "TriviaMultipleChoice-arwaBalawi App/Info.plist";
				LD_RUNPATH_SEARCH_PATHS = (
					"$(inherited)",
					"@executable_path/Frameworks",
				);
				PRODUCT_BUNDLE_IDENTIFIER = "Arwa.TriviaMultipleChoice-arwaBalawi-App";
				PRODUCT_NAME = "$(TARGET_NAME)";
				SWIFT_VERSION = 5.0;
				TARGETED_DEVICE_FAMILY = "1,2";
			};
			name = Release;
		};
/* End XCBuildConfiguration section */

/* Begin XCConfigurationList section */
		BFBA6B5A2721403500EC99D6 /* Build configuration list for PBXProject "TriviaMultipleChoice-arwaBalawi App" */ = {
			isa = XCConfigurationList;
			buildConfigurations = (
				BFBA6B712721403600EC99D6 /* Debug */,
				BFBA6B722721403600EC99D6 /* Release */,
			);
			defaultConfigurationIsVisible = 0;
			defaultConfigurationName = Release;
		};
		BFBA6B732721403600EC99D6 /* Build configuration list for PBXNativeTarget "TriviaMultipleChoice-arwaBalawi App" */ = {
			isa = XCConfigurationList;
			buildConfigurations = (
				BFBA6B742721403600EC99D6 /* Debug */,
				BFBA6B752721403600EC99D6 /* Release */,
			);
			defaultConfigurationIsVisible = 0;
			defaultConfigurationName = Release;
		};
/* End XCConfigurationList section */
	};
	rootObject = BFBA6B572721403500EC99D6 /* Project object */;
}
