// !$*UTF8*$!
{
	archiveVersion = 1;
	classes = {
	};
	objectVersion = 50;
	objects = {

/* Begin PBXBuildFile section */
		CA1DB34C27213EF500088C47 /* AppDelegate.swift in Sources */ = {isa = PBXBuildFile; fileRef = CA1DB34B27213EF500088C47 /* AppDelegate.swift */; };
		CA1DB34E27213EF500088C47 /* SceneDelegate.swift in Sources */ = {isa = PBXBuildFile; fileRef = CA1DB34D27213EF500088C47 /* SceneDelegate.swift */; };
		CA1DB35027213EF500088C47 /* ViewController.swift in Sources */ = {isa = PBXBuildFile; fileRef = CA1DB34F27213EF500088C47 /* ViewController.swift */; };
		CA1DB35327213EF500088C47 /* Main.storyboard in Resources */ = {isa = PBXBuildFile; fileRef = CA1DB35127213EF500088C47 /* Main.storyboard */; };
		CA1DB35527213EF500088C47 /* Assets.xcassets in Resources */ = {isa = PBXBuildFile; fileRef = CA1DB35427213EF500088C47 /* Assets.xcassets */; };
		CA1DB35827213EF500088C47 /* LaunchScreen.storyboard in Resources */ = {isa = PBXBuildFile; fileRef = CA1DB35627213EF500088C47 /* LaunchScreen.storyboard */; };
		CA1DB3602721579600088C47 /* Q-Bank.swift in Sources */ = {isa = PBXBuildFile; fileRef = CA1DB35F2721579600088C47 /* Q-Bank.swift */; };
		CA1DB36227215A4D00088C47 /* question .swift in Sources */ = {isa = PBXBuildFile; fileRef = CA1DB36127215A4D00088C47 /* question .swift */; };
/* End PBXBuildFile section */

/* Begin PBXFileReference section */
		CA1DB34827213EF500088C47 /* TriviaMultipleChoice.app */ = {isa = PBXFileReference; explicitFileType = wrapper.application; includeInIndex = 0; path = TriviaMultipleChoice.app; sourceTree = BUILT_PRODUCTS_DIR; };
		CA1DB34B27213EF500088C47 /* AppDelegate.swift */ = {isa = PBXFileReference; lastKnownFileType = sourcecode.swift; path = AppDelegate.swift; sourceTree = "<group>"; };
		CA1DB34D27213EF500088C47 /* SceneDelegate.swift */ = {isa = PBXFileReference; lastKnownFileType = sourcecode.swift; path = SceneDelegate.swift; sourceTree = "<group>"; };
		CA1DB34F27213EF500088C47 /* ViewController.swift */ = {isa = PBXFileReference; lastKnownFileType = sourcecode.swift; path = ViewController.swift; sourceTree = "<group>"; };
		CA1DB35227213EF500088C47 /* Base */ = {isa = PBXFileReference; lastKnownFileType = file.storyboard; name = Base; path = Base.lproj/Main.storyboard; sourceTree = "<group>"; };
		CA1DB35427213EF500088C47 /* Assets.xcassets */ = {isa = PBXFileReference; lastKnownFileType = folder.assetcatalog; path = Assets.xcassets; sourceTree = "<group>"; };
		CA1DB35727213EF500088C47 /* Base */ = {isa = PBXFileReference; lastKnownFileType = file.storyboard; name = Base; path = Base.lproj/LaunchScreen.storyboard; sourceTree = "<group>"; };
		CA1DB35927213EF500088C47 /* Info.plist */ = {isa = PBXFileReference; lastKnownFileType = text.plist.xml; path = Info.plist; sourceTree = "<group>"; };
		CA1DB35F2721579600088C47 /* Q-Bank.swift */ = {isa = PBXFileReference; lastKnownFileType = sourcecode.swift; path = "Q-Bank.swift"; sourceTree = "<group>"; };
		CA1DB36127215A4D00088C47 /* question .swift */ = {isa = PBXFileReference; lastKnownFileType = sourcecode.swift; path = "question .swift"; sourceTree = "<group>"; };
/* End PBXFileReference section */

/* Begin PBXFrameworksBuildPhase section */
		CA1DB34527213EF500088C47 /* Frameworks */ = {
			isa = PBXFrameworksBuildPhase;
			buildActionMask = 2147483647;
			files = (
			);
			runOnlyForDeploymentPostprocessing = 0;
		};
/* End PBXFrameworksBuildPhase section */

/* Begin PBXGroup section */
		CA1DB33F27213EF500088C47 = {
			isa = PBXGroup;
			children = (
				CA1DB34A27213EF500088C47 /* TriviaMultipleChoice */,
				CA1DB34927213EF500088C47 /* Products */,
			);
			sourceTree = "<group>";
		};
		CA1DB34927213EF500088C47 /* Products */ = {
			isa = PBXGroup;
			children = (
				CA1DB34827213EF500088C47 /* TriviaMultipleChoice.app */,
			);
			name = Products;
			sourceTree = "<group>";
		};
		CA1DB34A27213EF500088C47 /* TriviaMultipleChoice */ = {
			isa = PBXGroup;
			children = (
				CA1DB34B27213EF500088C47 /* AppDelegate.swift */,
				CA1DB34D27213EF500088C47 /* SceneDelegate.swift */,
				CA1DB34F27213EF500088C47 /* ViewController.swift */,
				CA1DB35127213EF500088C47 /* Main.storyboard */,
				CA1DB35F2721579600088C47 /* Q-Bank.swift */,
				CA1DB36127215A4D00088C47 /* question .swift */,
				CA1DB35427213EF500088C47 /* Assets.xcassets */,
				CA1DB35627213EF500088C47 /* LaunchScreen.storyboard */,
				CA1DB35927213EF500088C47 /* Info.plist */,
			);
			path = TriviaMultipleChoice;
			sourceTree = "<group>";
		};
/* End PBXGroup section */

/* Begin PBXNativeTarget section */
		CA1DB34727213EF500088C47 /* TriviaMultipleChoice */ = {
			isa = PBXNativeTarget;
			buildConfigurationList = CA1DB35C27213EF500088C47 /* Build configuration list for PBXNativeTarget "TriviaMultipleChoice" */;
			buildPhases = (
				CA1DB34427213EF500088C47 /* Sources */,
				CA1DB34527213EF500088C47 /* Frameworks */,
				CA1DB34627213EF500088C47 /* Resources */,
			);
			buildRules = (
			);
			dependencies = (
			);
			name = TriviaMultipleChoice;
			productName = TriviaMultipleChoice;
			productReference = CA1DB34827213EF500088C47 /* TriviaMultipleChoice.app */;
			productType = "com.apple.product-type.application";
		};
/* End PBXNativeTarget section */

/* Begin PBXProject section */
		CA1DB34027213EF500088C47 /* Project object */ = {
			isa = PBXProject;
			attributes = {
				LastSwiftUpdateCheck = 1250;
				LastUpgradeCheck = 1250;
				TargetAttributes = {
					CA1DB34727213EF500088C47 = {
						CreatedOnToolsVersion = 12.5;
					};
				};
			};
			buildConfigurationList = CA1DB34327213EF500088C47 /* Build configuration list for PBXProject "TriviaMultipleChoice" */;
			compatibilityVersion = "Xcode 9.3";
			developmentRegion = en;
			hasScannedForEncodings = 0;
			knownRegions = (
				en,
				Base,
			);
			mainGroup = CA1DB33F27213EF500088C47;
			productRefGroup = CA1DB34927213EF500088C47 /* Products */;
			projectDirPath = "";
			projectRoot = "";
			targets = (
				CA1DB34727213EF500088C47 /* TriviaMultipleChoice */,
			);
		};
/* End PBXProject section */

/* Begin PBXResourcesBuildPhase section */
		CA1DB34627213EF500088C47 /* Resources */ = {
			isa = PBXResourcesBuildPhase;
			buildActionMask = 2147483647;
			files = (
				CA1DB35827213EF500088C47 /* LaunchScreen.storyboard in Resources */,
				CA1DB35527213EF500088C47 /* Assets.xcassets in Resources */,
				CA1DB35327213EF500088C47 /* Main.storyboard in Resources */,
			);
			runOnlyForDeploymentPostprocessing = 0;
		};
/* End PBXResourcesBuildPhase section */

/* Begin PBXSourcesBuildPhase section */
		CA1DB34427213EF500088C47 /* Sources */ = {
			isa = PBXSourcesBuildPhase;
			buildActionMask = 2147483647;
			files = (
				CA1DB35027213EF500088C47 /* ViewController.swift in Sources */,
				CA1DB36227215A4D00088C47 /* question .swift in Sources */,
				CA1DB3602721579600088C47 /* Q-Bank.swift in Sources */,
				CA1DB34C27213EF500088C47 /* AppDelegate.swift in Sources */,
				CA1DB34E27213EF500088C47 /* SceneDelegate.swift in Sources */,
			);
			runOnlyForDeploymentPostprocessing = 0;
		};
/* End PBXSourcesBuildPhase section */

/* Begin PBXVariantGroup section */
		CA1DB35127213EF500088C47 /* Main.storyboard */ = {
			isa = PBXVariantGroup;
			children = (
				CA1DB35227213EF500088C47 /* Base */,
			);
			name = Main.storyboard;
			sourceTree = "<group>";
		};
		CA1DB35627213EF500088C47 /* LaunchScreen.storyboard */ = {
			isa = PBXVariantGroup;
			children = (
				CA1DB35727213EF500088C47 /* Base */,
			);
			name = LaunchScreen.storyboard;
			sourceTree = "<group>";
		};
/* End PBXVariantGroup section */

/* Begin XCBuildConfiguration section */
		CA1DB35A27213EF500088C47 /* Debug */ = {
			isa = XCBuildConfiguration;
			buildSettings = {
				ALWAYS_SEARCH_USER_PATHS = NO;
				CLANG_ANALYZER_NONNULL = YES;
				CLANG_ANALYZER_NUMBER_OBJECT_CONVERSION = YES_AGGRESSIVE;
				CLANG_CXX_LANGUAGE_STANDARD = "gnu++14";
				CLANG_CXX_LIBRARY = "libc++";
				CLANG_ENABLE_MODULES = YES;
				CLANG_ENABLE_OBJC_ARC = YES;
				CLANG_ENABLE_OBJC_WEAK = YES;
				CLANG_WARN_BLOCK_CAPTURE_AUTORELEASING = YES;
				CLANG_WARN_BOOL_CONVERSION = YES;
				CLANG_WARN_COMMA = YES;
				CLANG_WARN_CONSTANT_CONVERSION = YES;
				CLANG_WARN_DEPRECATED_OBJC_IMPLEMENTATIONS = YES;
				CLANG_WARN_DIRECT_OBJC_ISA_USAGE = YES_ERROR;
				CLANG_WARN_DOCUMENTATION_COMMENTS = YES;
				CLANG_WARN_EMPTY_BODY = YES;
				CLANG_WARN_ENUM_CONVERSION = YES;
				CLANG_WARN_INFINITE_RECURSION = YES;
				CLANG_WARN_INT_CONVERSION = YES;
				CLANG_WARN_NON_LITERAL_NULL_CONVERSION = YES;
				CLANG_WARN_OBJC_IMPLICIT_RETAIN_SELF = YES;
				CLANG_WARN_OBJC_LITERAL_CONVERSION = YES;
				CLANG_WARN_OBJC_ROOT_CLASS = YES_ERROR;
				CLANG_WARN_QUOTED_INCLUDE_IN_FRAMEWORK_HEADER = YES;
				CLANG_WARN_RANGE_LOOP_ANALYSIS = YES;
				CLANG_WARN_STRICT_PROTOTYPES = YES;
				CLANG_WARN_SUSPICIOUS_MOVE = YES;
				CLANG_WARN_UNGUARDED_AVAILABILITY = YES_AGGRESSIVE;
				CLANG_WARN_UNREACHABLE_CODE = YES;
				CLANG_WARN__DUPLICATE_METHOD_MATCH = YES;
				COPY_PHASE_STRIP = NO;
				DEBUG_INFORMATION_FORMAT = dwarf;
				ENABLE_STRICT_OBJC_MSGSEND = YES;
				ENABLE_TESTABILITY = YES;
				GCC_C_LANGUAGE_STANDARD = gnu11;
				GCC_DYNAMIC_NO_PIC = NO;
				GCC_NO_COMMON_BLOCKS = YES;
				GCC_OPTIMIZATION_LEVEL = 0;
				GCC_PREPROCESSOR_DEFINITIONS = (
					"DEBUG=1",
					"$(inherited)",
				);
				GCC_WARN_64_TO_32_BIT_CONVERSION = YES;
				GCC_WARN_ABOUT_RETURN_TYPE = YES_ERROR;
				GCC_WARN_UNDECLARED_SELECTOR = YES;
				GCC_WARN_UNINITIALIZED_AUTOS = YES_AGGRESSIVE;
				GCC_WARN_UNUSED_FUNCTION = YES;
				GCC_WARN_UNUSED_VARIABLE = YES;
				IPHONEOS_DEPLOYMENT_TARGET = 14.5;
				MTL_ENABLE_DEBUG_INFO = INCLUDE_SOURCE;
				MTL_FAST_MATH = YES;
				ONLY_ACTIVE_ARCH = YES;
				SDKROOT = iphoneos;
				SWIFT_ACTIVE_COMPILATION_CONDITIONS = DEBUG;
				SWIFT_OPTIMIZATION_LEVEL = "-Onone";
			};
			name = Debug;
		};
		CA1DB35B27213EF500088C47 /* Release */ = {
			isa = XCBuildConfiguration;
			buildSettings = {
				ALWAYS_SEARCH_USER_PATHS = NO;
				CLANG_ANALYZER_NONNULL = YES;
				CLANG_ANALYZER_NUMBER_OBJECT_CONVERSION = YES_AGGRESSIVE;
				CLANG_CXX_LANGUAGE_STANDARD = "gnu++14";
				CLANG_CXX_LIBRARY = "libc++";
				CLANG_ENABLE_MODULES = YES;
				CLANG_ENABLE_OBJC_ARC = YES;
				CLANG_ENABLE_OBJC_WEAK = YES;
				CLANG_WARN_BLOCK_CAPTURE_AUTORELEASING = YES;
				CLANG_WARN_BOOL_CONVERSION = YES;
				CLANG_WARN_COMMA = YES;
				CLANG_WARN_CONSTANT_CONVERSION = YES;
				CLANG_WARN_DEPRECATED_OBJC_IMPLEMENTATIONS = YES;
				CLANG_WARN_DIRECT_OBJC_ISA_USAGE = YES_ERROR;
				CLANG_WARN_DOCUMENTATION_COMMENTS = YES;
				CLANG_WARN_EMPTY_BODY = YES;
				CLANG_WARN_ENUM_CONVERSION = YES;
				CLANG_WARN_INFINITE_RECURSION = YES;
				CLANG_WARN_INT_CONVERSION = YES;
				CLANG_WARN_NON_LITERAL_NULL_CONVERSION = YES;
				CLANG_WARN_OBJC_IMPLICIT_RETAIN_SELF = YES;
				CLANG_WARN_OBJC_LITERAL_CONVERSION = YES;
				CLANG_WARN_OBJC_ROOT_CLASS = YES_ERROR;
				CLANG_WARN_QUOTED_INCLUDE_IN_FRAMEWORK_HEADER = YES;
				CLANG_WARN_RANGE_LOOP_ANALYSIS = YES;
				CLANG_WARN_STRICT_PROTOTYPES = YES;
				CLANG_WARN_SUSPICIOUS_MOVE = YES;
				CLANG_WARN_UNGUARDED_AVAILABILITY = YES_AGGRESSIVE;
				CLANG_WARN_UNREACHABLE_CODE = YES;
				CLANG_WARN__DUPLICATE_METHOD_MATCH = YES;
				COPY_PHASE_STRIP = NO;
				DEBUG_INFORMATION_FORMAT = "dwarf-with-dsym";
				ENABLE_NS_ASSERTIONS = NO;
				ENABLE_STRICT_OBJC_MSGSEND = YES;
				GCC_C_LANGUAGE_STANDARD = gnu11;
				GCC_NO_COMMON_BLOCKS = YES;
				GCC_WARN_64_TO_32_BIT_CONVERSION = YES;
				GCC_WARN_ABOUT_RETURN_TYPE = YES_ERROR;
				GCC_WARN_UNDECLARED_SELECTOR = YES;
				GCC_WARN_UNINITIALIZED_AUTOS = YES_AGGRESSIVE;
				GCC_WARN_UNUSED_FUNCTION = YES;
				GCC_WARN_UNUSED_VARIABLE = YES;
				IPHONEOS_DEPLOYMENT_TARGET = 14.5;
				MTL_ENABLE_DEBUG_INFO = NO;
				MTL_FAST_MATH = YES;
				SDKROOT = iphoneos;
				SWIFT_COMPILATION_MODE = wholemodule;
				SWIFT_OPTIMIZATION_LEVEL = "-O";
				VALIDATE_PRODUCT = YES;
			};
			name = Release;
		};
		CA1DB35D27213EF500088C47 /* Debug */ = {
			isa = XCBuildConfiguration;
			buildSettings = {
				ASSETCATALOG_COMPILER_APPICON_NAME = AppIcon;
				ASSETCATALOG_COMPILER_GLOBAL_ACCENT_COLOR_NAME = AccentColor;
				CODE_SIGN_STYLE = Automatic;
				DEVELOPMENT_TEAM = 8WY898MHLG;
				INFOPLIST_FILE = TriviaMultipleChoice/Info.plist;
				LD_RUNPATH_SEARCH_PATHS = (
					"$(inherited)",
					"@executable_path/Frameworks",
				);
				PRODUCT_BUNDLE_IDENTIFIER = com.yousef.TriviaMultipleChoice;
				PRODUCT_NAME = "$(TARGET_NAME)";
				SWIFT_VERSION = 5.0;
				TARGETED_DEVICE_FAMILY = "1,2";
			};
			name = Debug;
		};
		CA1DB35E27213EF500088C47 /* Release */ = {
			isa = XCBuildConfiguration;
			buildSettings = {
				ASSETCATALOG_COMPILER_APPICON_NAME = AppIcon;
				ASSETCATALOG_COMPILER_GLOBAL_ACCENT_COLOR_NAME = AccentColor;
				CODE_SIGN_STYLE = Automatic;
				DEVELOPMENT_TEAM = 8WY898MHLG;
				INFOPLIST_FILE = TriviaMultipleChoice/Info.plist;
				LD_RUNPATH_SEARCH_PATHS = (
					"$(inherited)",
					"@executable_path/Frameworks",
				);
				PRODUCT_BUNDLE_IDENTIFIER = com.yousef.TriviaMultipleChoice;
				PRODUCT_NAME = "$(TARGET_NAME)";
				SWIFT_VERSION = 5.0;
				TARGETED_DEVICE_FAMILY = "1,2";
			};
			name = Release;
		};
/* End XCBuildConfiguration section */

/* Begin XCConfigurationList section */
		CA1DB34327213EF500088C47 /* Build configuration list for PBXProject "TriviaMultipleChoice" */ = {
			isa = XCConfigurationList;
			buildConfigurations = (
				CA1DB35A27213EF500088C47 /* Debug */,
				CA1DB35B27213EF500088C47 /* Release */,
			);
			defaultConfigurationIsVisible = 0;
			defaultConfigurationName = Release;
		};
		CA1DB35C27213EF500088C47 /* Build configuration list for PBXNativeTarget "TriviaMultipleChoice" */ = {
			isa = XCConfigurationList;
			buildConfigurations = (
				CA1DB35D27213EF500088C47 /* Debug */,
				CA1DB35E27213EF500088C47 /* Release */,
			);
			defaultConfigurationIsVisible = 0;
			defaultConfigurationName = Release;
		};
/* End XCConfigurationList section */
	};
	rootObject = CA1DB34027213EF500088C47 /* Project object */;
}
